
Microsoft Visual Studio Solution File, Format Version 12.00
# Visual Studio Version 17
VisualStudioVersion = 17.11.35219.272
MinimumVisualStudioVersion = 10.0.40219.1
Project("{FAE04EC0-301F-11D3-BF4B-00C04F79EFBC}") = "Neoris", "Neoris\Neoris.csproj", "{B2304BF7-86E8-4681-9E48-EBE676C37F26}"
EndProject
Project("{9A19103F-16F7-4668-BE54-9A1E7A4F7556}") = "Neoris.Tests", "Neoris.Tests\Neoris.Tests.csproj", "{5FCD66C3-1C44-4136-AF45-7F8E9266749D}"
EndProject
Global
	GlobalSection(SolutionConfigurationPlatforms) = preSolution
		Debug|Any CPU = Debug|Any CPU
		Release|Any CPU = Release|Any CPU
	EndGlobalSection
	GlobalSection(ProjectConfigurationPlatforms) = postSolution
		{B2304BF7-86E8-4681-9E48-EBE676C37F26}.Debug|Any CPU.ActiveCfg = Debug|Any CPU
		{B2304BF7-86E8-4681-9E48-EBE676C37F26}.Debug|Any CPU.Build.0 = Debug|Any CPU
		{B2304BF7-86E8-4681-9E48-EBE676C37F26}.Release|Any CPU.ActiveCfg = Release|Any CPU
		{B2304BF7-86E8-4681-9E48-EBE676C37F26}.Release|Any CPU.Build.0 = Release|Any CPU
		{5FCD66C3-1C44-4136-AF45-7F8E9266749D}.Debug|Any CPU.ActiveCfg = Debug|Any CPU
		{5FCD66C3-1C44-4136-AF45-7F8E9266749D}.Debug|Any CPU.Build.0 = Debug|Any CPU
		{5FCD66C3-1C44-4136-AF45-7F8E9266749D}.Release|Any CPU.ActiveCfg = Release|Any CPU
		{5FCD66C3-1C44-4136-AF45-7F8E9266749D}.Release|Any CPU.Build.0 = Release|Any CPU
	EndGlobalSection
	GlobalSection(SolutionProperties) = preSolution
		HideSolutionNode = FALSE
	EndGlobalSection
	GlobalSection(ExtensibilityGlobals) = postSolution
		SolutionGuid = {EF2A54C5-F396-4514-B0FC-9155B34BF174}
	EndGlobalSection
EndGlobal
